
Microsoft Visual Studio Solution File, Format Version 12.00
# Visual Studio Version 16
VisualStudioVersion = 16.0.30907.101
MinimumVisualStudioVersion = 10.0.40219.1
Project("{FAE04EC0-301F-11D3-BF4B-00C04F79EFBC}") = "МДК 03.01", "МДК 03.01\МДК 03.01.csproj", "{7D484FC0-DE6A-455D-B486-D19ED063E48C}"
EndProject
Global
	GlobalSection(SolutionConfigurationPlatforms) = preSolution
		Debug|Any CPU = Debug|Any CPU
		Release|Any CPU = Release|Any CPU
	EndGlobalSection
	GlobalSection(ProjectConfigurationPlatforms) = postSolution
		{7D484FC0-DE6A-455D-B486-D19ED063E48C}.Debug|Any CPU.ActiveCfg = Debug|Any CPU
		{7D484FC0-DE6A-455D-B486-D19ED063E48C}.Debug|Any CPU.Build.0 = Debug|Any CPU
		{7D484FC0-DE6A-455D-B486-D19ED063E48C}.Release|Any CPU.ActiveCfg = Release|Any CPU
		{7D484FC0-DE6A-455D-B486-D19ED063E48C}.Release|Any CPU.Build.0 = Release|Any CPU
	EndGlobalSection
	GlobalSection(SolutionProperties) = preSolution
		HideSolutionNode = FALSE
	EndGlobalSection
	GlobalSection(ExtensibilityGlobals) = postSolution
		SolutionGuid = {42E6C014-D815-414B-AF0E-EE1BCF83B548}
	EndGlobalSection
EndGlobal
